
Microsoft Visual Studio Solution File, Format Version 12.00
# Visual Studio Version 17
VisualStudioVersion = 17.10.35004.147
MinimumVisualStudioVersion = 10.0.40219.1
Project("{2150E333-8FDC-42A3-9474-1A3956D46DE8}") = "Src", "Src", "{15B1874D-8745-4144-ACBF-740412018493}"
EndProject
Project("{2150E333-8FDC-42A3-9474-1A3956D46DE8}") = "Test", "Test", "{2AFE0EE1-630E-432B-9E63-6FB6B7405680}"
EndProject
Project("{FAE04EC0-301F-11D3-BF4B-00C04F79EFBC}") = "Web", "Src\Web\Web.csproj", "{70308548-199F-4611-B558-EF128135C3BF}"
EndProject
Project("{FAE04EC0-301F-11D3-BF4B-00C04F79EFBC}") = "Application", "Src\Application\Application.csproj", "{4007D4DE-7600-4C82-B4CF-ABDC8D51D531}"
EndProject
Project("{FAE04EC0-301F-11D3-BF4B-00C04F79EFBC}") = "Domain", "Src\Domain\Domain.csproj", "{BE7A123A-5F6B-4BB8-9637-F22F47EBFD2F}"
EndProject
Project("{FAE04EC0-301F-11D3-BF4B-00C04F79EFBC}") = "Infrastructure", "Src\Infrastructure\Infrastructure.csproj", "{A27C5D98-7DFC-4B99-B9AE-068A929BDAE6}"
EndProject
Global
	GlobalSection(SolutionConfigurationPlatforms) = preSolution
		Debug|Any CPU = Debug|Any CPU
		Release|Any CPU = Release|Any CPU
	EndGlobalSection
	GlobalSection(ProjectConfigurationPlatforms) = postSolution
		{70308548-199F-4611-B558-EF128135C3BF}.Debug|Any CPU.ActiveCfg = Debug|Any CPU
		{70308548-199F-4611-B558-EF128135C3BF}.Debug|Any CPU.Build.0 = Debug|Any CPU
		{70308548-199F-4611-B558-EF128135C3BF}.Release|Any CPU.ActiveCfg = Release|Any CPU
		{70308548-199F-4611-B558-EF128135C3BF}.Release|Any CPU.Build.0 = Release|Any CPU
		{4007D4DE-7600-4C82-B4CF-ABDC8D51D531}.Debug|Any CPU.ActiveCfg = Debug|Any CPU
		{4007D4DE-7600-4C82-B4CF-ABDC8D51D531}.Debug|Any CPU.Build.0 = Debug|Any CPU
		{4007D4DE-7600-4C82-B4CF-ABDC8D51D531}.Release|Any CPU.ActiveCfg = Release|Any CPU
		{4007D4DE-7600-4C82-B4CF-ABDC8D51D531}.Release|Any CPU.Build.0 = Release|Any CPU
		{BE7A123A-5F6B-4BB8-9637-F22F47EBFD2F}.Debug|Any CPU.ActiveCfg = Debug|Any CPU
		{BE7A123A-5F6B-4BB8-9637-F22F47EBFD2F}.Debug|Any CPU.Build.0 = Debug|Any CPU
		{BE7A123A-5F6B-4BB8-9637-F22F47EBFD2F}.Release|Any CPU.ActiveCfg = Release|Any CPU
		{BE7A123A-5F6B-4BB8-9637-F22F47EBFD2F}.Release|Any CPU.Build.0 = Release|Any CPU
		{A27C5D98-7DFC-4B99-B9AE-068A929BDAE6}.Debug|Any CPU.ActiveCfg = Debug|Any CPU
		{A27C5D98-7DFC-4B99-B9AE-068A929BDAE6}.Debug|Any CPU.Build.0 = Debug|Any CPU
		{A27C5D98-7DFC-4B99-B9AE-068A929BDAE6}.Release|Any CPU.ActiveCfg = Release|Any CPU
		{A27C5D98-7DFC-4B99-B9AE-068A929BDAE6}.Release|Any CPU.Build.0 = Release|Any CPU
	EndGlobalSection
	GlobalSection(SolutionProperties) = preSolution
		HideSolutionNode = FALSE
	EndGlobalSection
	GlobalSection(NestedProjects) = preSolution
		{70308548-199F-4611-B558-EF128135C3BF} = {15B1874D-8745-4144-ACBF-740412018493}
		{4007D4DE-7600-4C82-B4CF-ABDC8D51D531} = {15B1874D-8745-4144-ACBF-740412018493}
		{BE7A123A-5F6B-4BB8-9637-F22F47EBFD2F} = {15B1874D-8745-4144-ACBF-740412018493}
		{A27C5D98-7DFC-4B99-B9AE-068A929BDAE6} = {15B1874D-8745-4144-ACBF-740412018493}
	EndGlobalSection
	GlobalSection(ExtensibilityGlobals) = postSolution
		SolutionGuid = {13D70EF6-EF48-4510-B576-D97A6A550D8E}
	EndGlobalSection
EndGlobal
